// !$*UTF8*$!
{
	archiveVersion = 1;
	classes = {
	};
	objectVersion = 46;
	objects = {

/* Begin PBXBuildFile section */
		E71938571A116017006E1910 /* OrgDetailViewController.m in Sources */ = {isa = PBXBuildFile; fileRef = E71938561A116017006E1910 /* OrgDetailViewController.m */; };
		E754BACB1A15FC5E0051A838 /* WebViewController.m in Sources */ = {isa = PBXBuildFile; fileRef = E754BACA1A15FC5E0051A838 /* WebViewController.m */; };
		E754BACE1A167E9A0051A838 /* OrganizationsTableViewController.m in Sources */ = {isa = PBXBuildFile; fileRef = E754BACD1A167E9A0051A838 /* OrganizationsTableViewController.m */; };
		E78274781A1068C7002BDF58 /* main.m in Sources */ = {isa = PBXBuildFile; fileRef = E78274771A1068C7002BDF58 /* main.m */; };
		E782747B1A1068C7002BDF58 /* AppDelegate.m in Sources */ = {isa = PBXBuildFile; fileRef = E782747A1A1068C7002BDF58 /* AppDelegate.m */; };
		E78274811A1068C7002BDF58 /* Main.storyboard in Resources */ = {isa = PBXBuildFile; fileRef = E782747F1A1068C7002BDF58 /* Main.storyboard */; };
		E78274831A1068C7002BDF58 /* Images.xcassets in Resources */ = {isa = PBXBuildFile; fileRef = E78274821A1068C7002BDF58 /* Images.xcassets */; };
		E78274861A1068C7002BDF58 /* LaunchScreen.xib in Resources */ = {isa = PBXBuildFile; fileRef = E78274841A1068C7002BDF58 /* LaunchScreen.xib */; };
		E78274921A1068C7002BDF58 /* StripeTestObjCTests.m in Sources */ = {isa = PBXBuildFile; fileRef = E78274911A1068C7002BDF58 /* StripeTestObjCTests.m */; };
		E789D5DF1A19B9D500B0801C /* app-icon.png in Resources */ = {isa = PBXBuildFile; fileRef = E789D5DE1A19B9D500B0801C /* app-icon.png */; };
		E789D5E11A19BC5900B0801C /* app-logo.png in Resources */ = {isa = PBXBuildFile; fileRef = E789D5E01A19BC5900B0801C /* app-logo.png */; };
		E7A7248D1A1D65760023E59C /* send.png in Resources */ = {isa = PBXBuildFile; fileRef = E7A7248C1A1D65760023E59C /* send.png */; };
		E7A7248F1A1D660B0023E59C /* dollar-sign.png in Resources */ = {isa = PBXBuildFile; fileRef = E7A7248E1A1D660B0023E59C /* dollar-sign.png */; };
		E7A724951A1D6BD20023E59C /* settings@2x.png in Resources */ = {isa = PBXBuildFile; fileRef = E7A724921A1D6BD20023E59C /* settings@2x.png */; };
		E7A724961A1D6BD20023E59C /* settings@x1.png in Resources */ = {isa = PBXBuildFile; fileRef = E7A724931A1D6BD20023E59C /* settings@x1.png */; };
		E7A724971A1D6BD20023E59C /* settings@x3.png in Resources */ = {isa = PBXBuildFile; fileRef = E7A724941A1D6BD20023E59C /* settings@x3.png */; };
		E7DB66481A11937400EBF97F /* OrgCell.m in Sources */ = {isa = PBXBuildFile; fileRef = E7DB66471A11937400EBF97F /* OrgCell.m */; };
		E7DB664B1A11B51000EBF97F /* ushahidi.jpg in Resources */ = {isa = PBXBuildFile; fileRef = E7DB664A1A11B51000EBF97F /* ushahidi.jpg */; };
		E7DB664D1A11B51A00EBF97F /* hrw.png in Resources */ = {isa = PBXBuildFile; fileRef = E7DB664C1A11B51A00EBF97F /* hrw.png */; };
		E7DB664F1A11B53B00EBF97F /* charitywater.jpg in Resources */ = {isa = PBXBuildFile; fileRef = E7DB664E1A11B53B00EBF97F /* charitywater.jpg */; };
		E7DB66511A11B54B00EBF97F /* msf.jpg in Resources */ = {isa = PBXBuildFile; fileRef = E7DB66501A11B54B00EBF97F /* msf.jpg */; };
		E7DB66531A11B57000EBF97F /* girlswhocode.png in Resources */ = {isa = PBXBuildFile; fileRef = E7DB66521A11B57000EBF97F /* girlswhocode.png */; };
		E7DB665B1A11B7B200EBF97F /* Organization.m in Sources */ = {isa = PBXBuildFile; fileRef = E7DB665A1A11B7B200EBF97F /* Organization.m */; };
		E7DB665E1A11C4D800EBF97F /* malala.jpg in Resources */ = {isa = PBXBuildFile; fileRef = E7DB665D1A11C4D800EBF97F /* malala.jpg */; };
		E7DB66601A11C5F300EBF97F /* wwp.jpg in Resources */ = {isa = PBXBuildFile; fileRef = E7DB665F1A11C5F300EBF97F /* wwp.jpg */; };
		E7DB666C1A11CC9000EBF97F /* habitat.jpg in Resources */ = {isa = PBXBuildFile; fileRef = E7DB666B1A11CC9000EBF97F /* habitat.jpg */; };
		E7DB666E1A11D3E900EBF97F /* amnesty.jpg in Resources */ = {isa = PBXBuildFile; fileRef = E7DB666D1A11D3E900EBF97F /* amnesty.jpg */; };
		E7DB66701A11D44300EBF97F /* americanredcross.jpg in Resources */ = {isa = PBXBuildFile; fileRef = E7DB666F1A11D44300EBF97F /* americanredcross.jpg */; };
		E7DB66721A11D49D00EBF97F /* maw.jpg in Resources */ = {isa = PBXBuildFile; fileRef = E7DB66711A11D49D00EBF97F /* maw.jpg */; };
		E7DB66981A15C53A00EBF97F /* SettingsViewController.m in Sources */ = {isa = PBXBuildFile; fileRef = E7DB66971A15C53A00EBF97F /* SettingsViewController.m */; };
		E7DB669B1A15D7A800EBF97F /* PaymentViewController.m in Sources */ = {isa = PBXBuildFile; fileRef = E7DB669A1A15D7A800EBF97F /* PaymentViewController.m */; };
		EE8ADE3413A2472873D8D048 /* libPods-StripeTestObjC.a in Frameworks */ = {isa = PBXBuildFile; fileRef = 289D9F602F80E5E06FA60D21 /* libPods-StripeTestObjC.a */; };
/* End PBXBuildFile section */

/* Begin PBXContainerItemProxy section */
		E782748C1A1068C7002BDF58 /* PBXContainerItemProxy */ = {
			isa = PBXContainerItemProxy;
			containerPortal = E782746A1A1068C7002BDF58 /* Project object */;
			proxyType = 1;
			remoteGlobalIDString = E78274711A1068C7002BDF58;
			remoteInfo = StripeTestObjC;
		};
/* End PBXContainerItemProxy section */

/* Begin PBXFileReference section */
		289D9F602F80E5E06FA60D21 /* libPods-StripeTestObjC.a */ = {isa = PBXFileReference; explicitFileType = archive.ar; includeInIndex = 0; path = "libPods-StripeTestObjC.a"; sourceTree = BUILT_PRODUCTS_DIR; };
		815853D6BC5DA31FA15AF11F /* Pods-StripeTestObjC.release.xcconfig */ = {isa = PBXFileReference; includeInIndex = 1; lastKnownFileType = text.xcconfig; name = "Pods-StripeTestObjC.release.xcconfig"; path = "Pods/Target Support Files/Pods-StripeTestObjC/Pods-StripeTestObjC.release.xcconfig"; sourceTree = "<group>"; };
		9A6FE553E43E6A4A4202FDB1 /* Pods-StripeTestObjC.debug.xcconfig */ = {isa = PBXFileReference; includeInIndex = 1; lastKnownFileType = text.xcconfig; name = "Pods-StripeTestObjC.debug.xcconfig"; path = "Pods/Target Support Files/Pods-StripeTestObjC/Pods-StripeTestObjC.debug.xcconfig"; sourceTree = "<group>"; };
		E71938551A116016006E1910 /* OrgDetailViewController.h */ = {isa = PBXFileReference; fileEncoding = 4; lastKnownFileType = sourcecode.c.h; path = OrgDetailViewController.h; sourceTree = "<group>"; };
		E71938561A116017006E1910 /* OrgDetailViewController.m */ = {isa = PBXFileReference; fileEncoding = 4; lastKnownFileType = sourcecode.c.objc; path = OrgDetailViewController.m; sourceTree = "<group>"; };
		E754BAC91A15FC5E0051A838 /* WebViewController.h */ = {isa = PBXFileReference; fileEncoding = 4; lastKnownFileType = sourcecode.c.h; path = WebViewController.h; sourceTree = "<group>"; };
		E754BACA1A15FC5E0051A838 /* WebViewController.m */ = {isa = PBXFileReference; fileEncoding = 4; lastKnownFileType = sourcecode.c.objc; path = WebViewController.m; sourceTree = "<group>"; };
		E754BACC1A167E9A0051A838 /* OrganizationsTableViewController.h */ = {isa = PBXFileReference; fileEncoding = 4; lastKnownFileType = sourcecode.c.h; path = OrganizationsTableViewController.h; sourceTree = "<group>"; };
		E754BACD1A167E9A0051A838 /* OrganizationsTableViewController.m */ = {isa = PBXFileReference; fileEncoding = 4; lastKnownFileType = sourcecode.c.objc; path = OrganizationsTableViewController.m; sourceTree = "<group>"; };
		E78274721A1068C7002BDF58 /* StripeTestObjC.app */ = {isa = PBXFileReference; explicitFileType = wrapper.application; includeInIndex = 0; path = StripeTestObjC.app; sourceTree = BUILT_PRODUCTS_DIR; };
		E78274761A1068C7002BDF58 /* Info.plist */ = {isa = PBXFileReference; lastKnownFileType = text.plist.xml; path = Info.plist; sourceTree = "<group>"; };
		E78274771A1068C7002BDF58 /* main.m */ = {isa = PBXFileReference; lastKnownFileType = sourcecode.c.objc; path = main.m; sourceTree = "<group>"; };
		E78274791A1068C7002BDF58 /* AppDelegate.h */ = {isa = PBXFileReference; lastKnownFileType = sourcecode.c.h; path = AppDelegate.h; sourceTree = "<group>"; };
		E782747A1A1068C7002BDF58 /* AppDelegate.m */ = {isa = PBXFileReference; lastKnownFileType = sourcecode.c.objc; path = AppDelegate.m; sourceTree = "<group>"; };
		E78274801A1068C7002BDF58 /* Base */ = {isa = PBXFileReference; lastKnownFileType = file.storyboard; name = Base; path = Base.lproj/Main.storyboard; sourceTree = "<group>"; };
		E78274821A1068C7002BDF58 /* Images.xcassets */ = {isa = PBXFileReference; lastKnownFileType = folder.assetcatalog; path = Images.xcassets; sourceTree = "<group>"; };
		E78274851A1068C7002BDF58 /* Base */ = {isa = PBXFileReference; lastKnownFileType = file.xib; name = Base; path = Base.lproj/LaunchScreen.xib; sourceTree = "<group>"; };
		E782748B1A1068C7002BDF58 /* StripeTestObjCTests.xctest */ = {isa = PBXFileReference; explicitFileType = wrapper.cfbundle; includeInIndex = 0; path = StripeTestObjCTests.xctest; sourceTree = BUILT_PRODUCTS_DIR; };
		E78274901A1068C7002BDF58 /* Info.plist */ = {isa = PBXFileReference; lastKnownFileType = text.plist.xml; path = Info.plist; sourceTree = "<group>"; };
		E78274911A1068C7002BDF58 /* StripeTestObjCTests.m */ = {isa = PBXFileReference; lastKnownFileType = sourcecode.c.objc; path = StripeTestObjCTests.m; sourceTree = "<group>"; };
		E782749B1A106965002BDF58 /* StripeTestObjC.entitlements */ = {isa = PBXFileReference; lastKnownFileType = text.xml; path = StripeTestObjC.entitlements; sourceTree = "<group>"; };
		E789D5DE1A19B9D500B0801C /* app-icon.png */ = {isa = PBXFileReference; lastKnownFileType = image.png; path = "app-icon.png"; sourceTree = "<group>"; };
		E789D5E01A19BC5900B0801C /* app-logo.png */ = {isa = PBXFileReference; lastKnownFileType = image.png; path = "app-logo.png"; sourceTree = "<group>"; };
		E7A7248C1A1D65760023E59C /* send.png */ = {isa = PBXFileReference; lastKnownFileType = image.png; path = send.png; sourceTree = "<group>"; };
		E7A7248E1A1D660B0023E59C /* dollar-sign.png */ = {isa = PBXFileReference; lastKnownFileType = image.png; path = "dollar-sign.png"; sourceTree = "<group>"; };
		E7A724921A1D6BD20023E59C /* settings@2x.png */ = {isa = PBXFileReference; lastKnownFileType = image.png; path = "settings@2x.png"; sourceTree = "<group>"; };
		E7A724931A1D6BD20023E59C /* settings@x1.png */ = {isa = PBXFileReference; lastKnownFileType = image.png; path = "settings@x1.png"; sourceTree = "<group>"; };
		E7A724941A1D6BD20023E59C /* settings@x3.png */ = {isa = PBXFileReference; lastKnownFileType = image.png; path = "settings@x3.png"; sourceTree = "<group>"; };
		E7DB66461A11937400EBF97F /* OrgCell.h */ = {isa = PBXFileReference; fileEncoding = 4; lastKnownFileType = sourcecode.c.h; path = OrgCell.h; sourceTree = "<group>"; };
		E7DB66471A11937400EBF97F /* OrgCell.m */ = {isa = PBXFileReference; fileEncoding = 4; lastKnownFileType = sourcecode.c.objc; path = OrgCell.m; sourceTree = "<group>"; };
		E7DB664A1A11B51000EBF97F /* ushahidi.jpg */ = {isa = PBXFileReference; lastKnownFileType = image.jpeg; path = ushahidi.jpg; sourceTree = "<group>"; };
		E7DB664C1A11B51A00EBF97F /* hrw.png */ = {isa = PBXFileReference; lastKnownFileType = image.png; path = hrw.png; sourceTree = "<group>"; };
		E7DB664E1A11B53B00EBF97F /* charitywater.jpg */ = {isa = PBXFileReference; lastKnownFileType = image.jpeg; path = charitywater.jpg; sourceTree = "<group>"; };
		E7DB66501A11B54B00EBF97F /* msf.jpg */ = {isa = PBXFileReference; lastKnownFileType = image.jpeg; path = msf.jpg; sourceTree = "<group>"; };
		E7DB66521A11B57000EBF97F /* girlswhocode.png */ = {isa = PBXFileReference; lastKnownFileType = image.png; path = girlswhocode.png; sourceTree = "<group>"; };
		E7DB66591A11B7B200EBF97F /* Organization.h */ = {isa = PBXFileReference; fileEncoding = 4; lastKnownFileType = sourcecode.c.h; name = Organization.h; path = StripeTestObjC/Organization.h; sourceTree = "<group>"; };
		E7DB665A1A11B7B200EBF97F /* Organization.m */ = {isa = PBXFileReference; fileEncoding = 4; lastKnownFileType = sourcecode.c.objc; name = Organization.m; path = StripeTestObjC/Organization.m; sourceTree = "<group>"; };
		E7DB665D1A11C4D800EBF97F /* malala.jpg */ = {isa = PBXFileReference; lastKnownFileType = image.jpeg; path = malala.jpg; sourceTree = "<group>"; };
		E7DB665F1A11C5F300EBF97F /* wwp.jpg */ = {isa = PBXFileReference; lastKnownFileType = image.jpeg; path = wwp.jpg; sourceTree = "<group>"; };
		E7DB666B1A11CC9000EBF97F /* habitat.jpg */ = {isa = PBXFileReference; lastKnownFileType = image.jpeg; path = habitat.jpg; sourceTree = "<group>"; };
		E7DB666D1A11D3E900EBF97F /* amnesty.jpg */ = {isa = PBXFileReference; lastKnownFileType = image.jpeg; path = amnesty.jpg; sourceTree = "<group>"; };
		E7DB666F1A11D44300EBF97F /* americanredcross.jpg */ = {isa = PBXFileReference; lastKnownFileType = image.jpeg; path = americanredcross.jpg; sourceTree = "<group>"; };
		E7DB66711A11D49D00EBF97F /* maw.jpg */ = {isa = PBXFileReference; lastKnownFileType = image.jpeg; path = maw.jpg; sourceTree = "<group>"; };
		E7DB66961A15C53A00EBF97F /* SettingsViewController.h */ = {isa = PBXFileReference; fileEncoding = 4; lastKnownFileType = sourcecode.c.h; path = SettingsViewController.h; sourceTree = "<group>"; };
		E7DB66971A15C53A00EBF97F /* SettingsViewController.m */ = {isa = PBXFileReference; fileEncoding = 4; lastKnownFileType = sourcecode.c.objc; path = SettingsViewController.m; sourceTree = "<group>"; };
		E7DB66991A15D7A800EBF97F /* PaymentViewController.h */ = {isa = PBXFileReference; fileEncoding = 4; lastKnownFileType = sourcecode.c.h; path = PaymentViewController.h; sourceTree = "<group>"; };
		E7DB669A1A15D7A800EBF97F /* PaymentViewController.m */ = {isa = PBXFileReference; fileEncoding = 4; lastKnownFileType = sourcecode.c.objc; path = PaymentViewController.m; sourceTree = "<group>"; };
/* End PBXFileReference section */

/* Begin PBXFrameworksBuildPhase section */
		E782746F1A1068C7002BDF58 /* Frameworks */ = {
			isa = PBXFrameworksBuildPhase;
			buildActionMask = 2147483647;
			files = (
				EE8ADE3413A2472873D8D048 /* libPods-StripeTestObjC.a in Frameworks */,
			);
			runOnlyForDeploymentPostprocessing = 0;
		};
		E78274881A1068C7002BDF58 /* Frameworks */ = {
			isa = PBXFrameworksBuildPhase;
			buildActionMask = 2147483647;
			files = (
			);
			runOnlyForDeploymentPostprocessing = 0;
		};
/* End PBXFrameworksBuildPhase section */

/* Begin PBXGroup section */
		90DCB9A814B448270E01B3D2 /* Frameworks */ = {
			isa = PBXGroup;
			children = (
				289D9F602F80E5E06FA60D21 /* libPods-StripeTestObjC.a */,
			);
			name = Frameworks;
			sourceTree = "<group>";
		};
		E78274691A1068C7002BDF58 = {
			isa = PBXGroup;
			children = (
				E78274741A1068C7002BDF58 /* StripeTestObjC */,
				E782748E1A1068C7002BDF58 /* StripeTestObjCTests */,
				E78274731A1068C7002BDF58 /* Products */,
				FBC89DD70E1AC6EA4A3EDBD6 /* Pods */,
				90DCB9A814B448270E01B3D2 /* Frameworks */,
			);
			sourceTree = "<group>";
		};
		E78274731A1068C7002BDF58 /* Products */ = {
			isa = PBXGroup;
			children = (
				E78274721A1068C7002BDF58 /* StripeTestObjC.app */,
				E782748B1A1068C7002BDF58 /* StripeTestObjCTests.xctest */,
			);
			name = Products;
			sourceTree = "<group>";
		};
		E78274741A1068C7002BDF58 /* StripeTestObjC */ = {
			isa = PBXGroup;
			children = (
				E7DB665C1A11B7C100EBF97F /* models */,
				E782749B1A106965002BDF58 /* StripeTestObjC.entitlements */,
				E78274791A1068C7002BDF58 /* AppDelegate.h */,
				E782747A1A1068C7002BDF58 /* AppDelegate.m */,
				E754BACC1A167E9A0051A838 /* OrganizationsTableViewController.h */,
				E754BACD1A167E9A0051A838 /* OrganizationsTableViewController.m */,
				E7DB66461A11937400EBF97F /* OrgCell.h */,
				E7DB66471A11937400EBF97F /* OrgCell.m */,
				E71938551A116016006E1910 /* OrgDetailViewController.h */,
				E71938561A116017006E1910 /* OrgDetailViewController.m */,
				E7DB66991A15D7A800EBF97F /* PaymentViewController.h */,
				E7DB669A1A15D7A800EBF97F /* PaymentViewController.m */,
				E754BAC91A15FC5E0051A838 /* WebViewController.h */,
				E754BACA1A15FC5E0051A838 /* WebViewController.m */,
				E7DB66961A15C53A00EBF97F /* SettingsViewController.h */,
				E7DB66971A15C53A00EBF97F /* SettingsViewController.m */,
				E782747F1A1068C7002BDF58 /* Main.storyboard */,
				E78274821A1068C7002BDF58 /* Images.xcassets */,
				E78274841A1068C7002BDF58 /* LaunchScreen.xib */,
				E78274751A1068C7002BDF58 /* Supporting Files */,
			);
			path = StripeTestObjC;
			sourceTree = "<group>";
		};
		E78274751A1068C7002BDF58 /* Supporting Files */ = {
			isa = PBXGroup;
			children = (
				E7A724921A1D6BD20023E59C /* settings@2x.png */,
				E7A724931A1D6BD20023E59C /* settings@x1.png */,
				E7A724941A1D6BD20023E59C /* settings@x3.png */,
				E7A7248E1A1D660B0023E59C /* dollar-sign.png */,
				E7A7248C1A1D65760023E59C /* send.png */,
				E789D5E01A19BC5900B0801C /* app-logo.png */,
				E789D5DE1A19B9D500B0801C /* app-icon.png */,
				E7DB66491A11B4DB00EBF97F /* Organizations */,
				E78274761A1068C7002BDF58 /* Info.plist */,
				E78274771A1068C7002BDF58 /* main.m */,
			);
			name = "Supporting Files";
			sourceTree = "<group>";
		};
		E782748E1A1068C7002BDF58 /* StripeTestObjCTests */ = {
			isa = PBXGroup;
			children = (
				E78274911A1068C7002BDF58 /* StripeTestObjCTests.m */,
				E782748F1A1068C7002BDF58 /* Supporting Files */,
			);
			path = StripeTestObjCTests;
			sourceTree = "<group>";
		};
		E782748F1A1068C7002BDF58 /* Supporting Files */ = {
			isa = PBXGroup;
			children = (
				E78274901A1068C7002BDF58 /* Info.plist */,
			);
			name = "Supporting Files";
			sourceTree = "<group>";
		};
		E7DB66491A11B4DB00EBF97F /* Organizations */ = {
			isa = PBXGroup;
			children = (
				E7DB66711A11D49D00EBF97F /* maw.jpg */,
				E7DB666F1A11D44300EBF97F /* americanredcross.jpg */,
				E7DB666D1A11D3E900EBF97F /* amnesty.jpg */,
				E7DB666B1A11CC9000EBF97F /* habitat.jpg */,
				E7DB665F1A11C5F300EBF97F /* wwp.jpg */,
				E7DB665D1A11C4D800EBF97F /* malala.jpg */,
				E7DB66521A11B57000EBF97F /* girlswhocode.png */,
				E7DB66501A11B54B00EBF97F /* msf.jpg */,
				E7DB664E1A11B53B00EBF97F /* charitywater.jpg */,
				E7DB664C1A11B51A00EBF97F /* hrw.png */,
				E7DB664A1A11B51000EBF97F /* ushahidi.jpg */,
			);
			name = Organizations;
			sourceTree = "<group>";
		};
		E7DB665C1A11B7C100EBF97F /* models */ = {
			isa = PBXGroup;
			children = (
				E7DB665A1A11B7B200EBF97F /* Organization.m */,
				E7DB66591A11B7B200EBF97F /* Organization.h */,
			);
			name = models;
			path = ..;
			sourceTree = "<group>";
		};
		FBC89DD70E1AC6EA4A3EDBD6 /* Pods */ = {
			isa = PBXGroup;
			children = (
				9A6FE553E43E6A4A4202FDB1 /* Pods-StripeTestObjC.debug.xcconfig */,
				815853D6BC5DA31FA15AF11F /* Pods-StripeTestObjC.release.xcconfig */,
			);
			name = Pods;
			sourceTree = "<group>";
		};
/* End PBXGroup section */

/* Begin PBXNativeTarget section */
		E78274711A1068C7002BDF58 /* StripeTestObjC */ = {
			isa = PBXNativeTarget;
			buildConfigurationList = E78274951A1068C7002BDF58 /* Build configuration list for PBXNativeTarget "StripeTestObjC" */;
			buildPhases = (
				9709DED2E87074DA86414CB6 /* Check Pods Manifest.lock */,
				E782746E1A1068C7002BDF58 /* Sources */,
				E782746F1A1068C7002BDF58 /* Frameworks */,
				E78274701A1068C7002BDF58 /* Resources */,
				9729F2BA1226EC9C0DCB9180 /* Copy Pods Resources */,
			);
			buildRules = (
			);
			dependencies = (
			);
			name = StripeTestObjC;
			productName = StripeTestObjC;
			productReference = E78274721A1068C7002BDF58 /* StripeTestObjC.app */;
			productType = "com.apple.product-type.application";
		};
		E782748A1A1068C7002BDF58 /* StripeTestObjCTests */ = {
			isa = PBXNativeTarget;
			buildConfigurationList = E78274981A1068C7002BDF58 /* Build configuration list for PBXNativeTarget "StripeTestObjCTests" */;
			buildPhases = (
				E78274871A1068C7002BDF58 /* Sources */,
				E78274881A1068C7002BDF58 /* Frameworks */,
				E78274891A1068C7002BDF58 /* Resources */,
			);
			buildRules = (
			);
			dependencies = (
				E782748D1A1068C7002BDF58 /* PBXTargetDependency */,
			);
			name = StripeTestObjCTests;
			productName = StripeTestObjCTests;
			productReference = E782748B1A1068C7002BDF58 /* StripeTestObjCTests.xctest */;
			productType = "com.apple.product-type.bundle.unit-test";
		};
/* End PBXNativeTarget section */

/* Begin PBXProject section */
		E782746A1A1068C7002BDF58 /* Project object */ = {
			isa = PBXProject;
			attributes = {
				LastUpgradeCheck = 0610;
				ORGANIZATIONNAME = "Kenneth Transier";
				TargetAttributes = {
					E78274711A1068C7002BDF58 = {
						CreatedOnToolsVersion = 6.1;
						DevelopmentTeam = EC6P266APU;
						SystemCapabilities = {
							com.apple.OMC = {
								enabled = 1;
							};
						};
					};
					E782748A1A1068C7002BDF58 = {
						CreatedOnToolsVersion = 6.1;
						TestTargetID = E78274711A1068C7002BDF58;
					};
				};
			};
			buildConfigurationList = E782746D1A1068C7002BDF58 /* Build configuration list for PBXProject "StripeTestObjC" */;
			compatibilityVersion = "Xcode 3.2";
			developmentRegion = English;
			hasScannedForEncodings = 0;
			knownRegions = (
				en,
				Base,
			);
			mainGroup = E78274691A1068C7002BDF58;
			productRefGroup = E78274731A1068C7002BDF58 /* Products */;
			projectDirPath = "";
			projectRoot = "";
			targets = (
				E78274711A1068C7002BDF58 /* StripeTestObjC */,
				E782748A1A1068C7002BDF58 /* StripeTestObjCTests */,
			);
		};
/* End PBXProject section */

/* Begin PBXResourcesBuildPhase section */
		E78274701A1068C7002BDF58 /* Resources */ = {
			isa = PBXResourcesBuildPhase;
			buildActionMask = 2147483647;
			files = (
				E7A724961A1D6BD20023E59C /* settings@x1.png in Resources */,
				E7DB666C1A11CC9000EBF97F /* habitat.jpg in Resources */,
				E7DB66531A11B57000EBF97F /* girlswhocode.png in Resources */,
				E7DB665E1A11C4D800EBF97F /* malala.jpg in Resources */,
				E78274811A1068C7002BDF58 /* Main.storyboard in Resources */,
				E7DB66701A11D44300EBF97F /* americanredcross.jpg in Resources */,
				E789D5DF1A19B9D500B0801C /* app-icon.png in Resources */,
				E78274861A1068C7002BDF58 /* LaunchScreen.xib in Resources */,
				E789D5E11A19BC5900B0801C /* app-logo.png in Resources */,
				E7A7248F1A1D660B0023E59C /* dollar-sign.png in Resources */,
				E7DB664F1A11B53B00EBF97F /* charitywater.jpg in Resources */,
				E7DB66601A11C5F300EBF97F /* wwp.jpg in Resources */,
				E7A7248D1A1D65760023E59C /* send.png in Resources */,
				E7DB66511A11B54B00EBF97F /* msf.jpg in Resources */,
				E7DB664D1A11B51A00EBF97F /* hrw.png in Resources */,
				E7DB66721A11D49D00EBF97F /* maw.jpg in Resources */,
				E7A724951A1D6BD20023E59C /* settings@2x.png in Resources */,
				E7DB666E1A11D3E900EBF97F /* amnesty.jpg in Resources */,
				E7DB664B1A11B51000EBF97F /* ushahidi.jpg in Resources */,
				E78274831A1068C7002BDF58 /* Images.xcassets in Resources */,
				E7A724971A1D6BD20023E59C /* settings@x3.png in Resources */,
			);
			runOnlyForDeploymentPostprocessing = 0;
		};
		E78274891A1068C7002BDF58 /* Resources */ = {
			isa = PBXResourcesBuildPhase;
			buildActionMask = 2147483647;
			files = (
			);
			runOnlyForDeploymentPostprocessing = 0;
		};
/* End PBXResourcesBuildPhase section */

/* Begin PBXShellScriptBuildPhase section */
		9709DED2E87074DA86414CB6 /* Check Pods Manifest.lock */ = {
			isa = PBXShellScriptBuildPhase;
			buildActionMask = 2147483647;
			files = (
			);
			inputPaths = (
			);
			name = "Check Pods Manifest.lock";
			outputPaths = (
			);
			runOnlyForDeploymentPostprocessing = 0;
			shellPath = /bin/sh;
			shellScript = "diff \"${PODS_ROOT}/../Podfile.lock\" \"${PODS_ROOT}/Manifest.lock\" > /dev/null\nif [[ $? != 0 ]] ; then\n    cat << EOM\nerror: The sandbox is not in sync with the Podfile.lock. Run 'pod install' or update your CocoaPods installation.\nEOM\n    exit 1\nfi\n";
			showEnvVarsInLog = 0;
		};
		9729F2BA1226EC9C0DCB9180 /* Copy Pods Resources */ = {
			isa = PBXShellScriptBuildPhase;
			buildActionMask = 2147483647;
			files = (
			);
			inputPaths = (
			);
			name = "Copy Pods Resources";
			outputPaths = (
			);
			runOnlyForDeploymentPostprocessing = 0;
			shellPath = /bin/sh;
			shellScript = "\"${SRCROOT}/Pods/Target Support Files/Pods-StripeTestObjC/Pods-StripeTestObjC-resources.sh\"\n";
			showEnvVarsInLog = 0;
		};
/* End PBXShellScriptBuildPhase section */

/* Begin PBXSourcesBuildPhase section */
		E782746E1A1068C7002BDF58 /* Sources */ = {
			isa = PBXSourcesBuildPhase;
			buildActionMask = 2147483647;
			files = (
				E754BACE1A167E9A0051A838 /* OrganizationsTableViewController.m in Sources */,
				E7DB665B1A11B7B200EBF97F /* Organization.m in Sources */,
				E7DB66481A11937400EBF97F /* OrgCell.m in Sources */,
				E782747B1A1068C7002BDF58 /* AppDelegate.m in Sources */,
				E754BACB1A15FC5E0051A838 /* WebViewController.m in Sources */,
				E71938571A116017006E1910 /* OrgDetailViewController.m in Sources */,
				E78274781A1068C7002BDF58 /* main.m in Sources */,
				E7DB66981A15C53A00EBF97F /* SettingsViewController.m in Sources */,
				E7DB669B1A15D7A800EBF97F /* PaymentViewController.m in Sources */,
			);
			runOnlyForDeploymentPostprocessing = 0;
		};
		E78274871A1068C7002BDF58 /* Sources */ = {
			isa = PBXSourcesBuildPhase;
			buildActionMask = 2147483647;
			files = (
				E78274921A1068C7002BDF58 /* StripeTestObjCTests.m in Sources */,
			);
			runOnlyForDeploymentPostprocessing = 0;
		};
/* End PBXSourcesBuildPhase section */

/* Begin PBXTargetDependency section */
		E782748D1A1068C7002BDF58 /* PBXTargetDependency */ = {
			isa = PBXTargetDependency;
			target = E78274711A1068C7002BDF58 /* StripeTestObjC */;
			targetProxy = E782748C1A1068C7002BDF58 /* PBXContainerItemProxy */;
		};
/* End PBXTargetDependency section */

/* Begin PBXVariantGroup section */
		E782747F1A1068C7002BDF58 /* Main.storyboard */ = {
			isa = PBXVariantGroup;
			children = (
				E78274801A1068C7002BDF58 /* Base */,
			);
			name = Main.storyboard;
			sourceTree = "<group>";
		};
		E78274841A1068C7002BDF58 /* LaunchScreen.xib */ = {
			isa = PBXVariantGroup;
			children = (
				E78274851A1068C7002BDF58 /* Base */,
			);
			name = LaunchScreen.xib;
			sourceTree = "<group>";
		};
/* End PBXVariantGroup section */

/* Begin XCBuildConfiguration section */
		E78274931A1068C7002BDF58 /* Debug */ = {
			isa = XCBuildConfiguration;
			buildSettings = {
				ALWAYS_SEARCH_USER_PATHS = NO;
				CLANG_CXX_LANGUAGE_STANDARD = "gnu++0x";
				CLANG_CXX_LIBRARY = "libc++";
				CLANG_ENABLE_MODULES = YES;
				CLANG_ENABLE_OBJC_ARC = YES;
				CLANG_WARN_BOOL_CONVERSION = YES;
				CLANG_WARN_CONSTANT_CONVERSION = YES;
				CLANG_WARN_DIRECT_OBJC_ISA_USAGE = YES_ERROR;
				CLANG_WARN_EMPTY_BODY = YES;
				CLANG_WARN_ENUM_CONVERSION = YES;
				CLANG_WARN_INT_CONVERSION = YES;
				CLANG_WARN_OBJC_ROOT_CLASS = YES_ERROR;
				CLANG_WARN_UNREACHABLE_CODE = YES;
				CLANG_WARN__DUPLICATE_METHOD_MATCH = YES;
				"CODE_SIGN_IDENTITY[sdk=iphoneos*]" = "iPhone Developer";
				COPY_PHASE_STRIP = NO;
				ENABLE_STRICT_OBJC_MSGSEND = YES;
				GCC_C_LANGUAGE_STANDARD = gnu99;
				GCC_DYNAMIC_NO_PIC = NO;
				GCC_OPTIMIZATION_LEVEL = 0;
				GCC_PREPROCESSOR_DEFINITIONS = (
					"DEBUG=1",
					"$(inherited)",
				);
				GCC_SYMBOLS_PRIVATE_EXTERN = NO;
				GCC_WARN_64_TO_32_BIT_CONVERSION = YES;
				GCC_WARN_ABOUT_RETURN_TYPE = YES_ERROR;
				GCC_WARN_UNDECLARED_SELECTOR = YES;
				GCC_WARN_UNINITIALIZED_AUTOS = YES_AGGRESSIVE;
				GCC_WARN_UNUSED_FUNCTION = YES;
				GCC_WARN_UNUSED_VARIABLE = YES;
				IPHONEOS_DEPLOYMENT_TARGET = 8.1;
				MTL_ENABLE_DEBUG_INFO = YES;
				ONLY_ACTIVE_ARCH = YES;
				SDKROOT = iphoneos;
				TARGETED_DEVICE_FAMILY = "1,2";
			};
			name = Debug;
		};
		E78274941A1068C7002BDF58 /* Release */ = {
			isa = XCBuildConfiguration;
			buildSettings = {
				ALWAYS_SEARCH_USER_PATHS = NO;
				CLANG_CXX_LANGUAGE_STANDARD = "gnu++0x";
				CLANG_CXX_LIBRARY = "libc++";
				CLANG_ENABLE_MODULES = YES;
				CLANG_ENABLE_OBJC_ARC = YES;
				CLANG_WARN_BOOL_CONVERSION = YES;
				CLANG_WARN_CONSTANT_CONVERSION = YES;
				CLANG_WARN_DIRECT_OBJC_ISA_USAGE = YES_ERROR;
				CLANG_WARN_EMPTY_BODY = YES;
				CLANG_WARN_ENUM_CONVERSION = YES;
				CLANG_WARN_INT_CONVERSION = YES;
				CLANG_WARN_OBJC_ROOT_CLASS = YES_ERROR;
				CLANG_WARN_UNREACHABLE_CODE = YES;
				CLANG_WARN__DUPLICATE_METHOD_MATCH = YES;
				"CODE_SIGN_IDENTITY[sdk=iphoneos*]" = "iPhone Developer";
				COPY_PHASE_STRIP = YES;
				ENABLE_NS_ASSERTIONS = NO;
				ENABLE_STRICT_OBJC_MSGSEND = YES;
				GCC_C_LANGUAGE_STANDARD = gnu99;
				GCC_WARN_64_TO_32_BIT_CONVERSION = YES;
				GCC_WARN_ABOUT_RETURN_TYPE = YES_ERROR;
				GCC_WARN_UNDECLARED_SELECTOR = YES;
				GCC_WARN_UNINITIALIZED_AUTOS = YES_AGGRESSIVE;
				GCC_WARN_UNUSED_FUNCTION = YES;
				GCC_WARN_UNUSED_VARIABLE = YES;
				IPHONEOS_DEPLOYMENT_TARGET = 8.1;
				MTL_ENABLE_DEBUG_INFO = NO;
				SDKROOT = iphoneos;
				TARGETED_DEVICE_FAMILY = "1,2";
				VALIDATE_PRODUCT = YES;
			};
			name = Release;
		};
		E78274961A1068C7002BDF58 /* Debug */ = {
			isa = XCBuildConfiguration;
			baseConfigurationReference = 9A6FE553E43E6A4A4202FDB1 /* Pods-StripeTestObjC.debug.xcconfig */;
			buildSettings = {
				ASSETCATALOG_COMPILER_APPICON_NAME = AppIcon;
				CODE_SIGN_ENTITLEMENTS = StripeTestObjC/StripeTestObjC.entitlements;
				CODE_SIGN_IDENTITY = "iPhone Developer";
				"CODE_SIGN_IDENTITY[sdk=iphoneos*]" = "iPhone Developer";
				GCC_PREPROCESSOR_DEFINITIONS = (
					"$(inherited)",
					STRIPE_ENABLE_APPLEPAY,
					"COCOAPODS=1",
				);
				INFOPLIST_FILE = StripeTestObjC/Info.plist;
				LD_RUNPATH_SEARCH_PATHS = "$(inherited) @executable_path/Frameworks";
				PRODUCT_NAME = "$(TARGET_NAME)";
				PROVISIONING_PROFILE = "";
			};
			name = Debug;
		};
		E78274971A1068C7002BDF58 /* Release */ = {
			isa = XCBuildConfiguration;
			baseConfigurationReference = 815853D6BC5DA31FA15AF11F /* Pods-StripeTestObjC.release.xcconfig */;
			buildSettings = {
				ASSETCATALOG_COMPILER_APPICON_NAME = AppIcon;
				CODE_SIGN_ENTITLEMENTS = StripeTestObjC/StripeTestObjC.entitlements;
				CODE_SIGN_IDENTITY = "iPhone Developer";
				"CODE_SIGN_IDENTITY[sdk=iphoneos*]" = "iPhone Developer";
				GCC_PREPROCESSOR_DEFINITIONS = (
					"$(inherited)",
					"COCOAPODS=1",
					STRIPE_ENABLE_APPLEPAY,
				);
				INFOPLIST_FILE = StripeTestObjC/Info.plist;
				LD_RUNPATH_SEARCH_PATHS = "$(inherited) @executable_path/Frameworks";
				PRODUCT_NAME = "$(TARGET_NAME)";
				PROVISIONING_PROFILE = "";
			};
			name = Release;
		};
		E78274991A1068C7002BDF58 /* Debug */ = {
			isa = XCBuildConfiguration;
			buildSettings = {
				BUNDLE_LOADER = "$(TEST_HOST)";
				FRAMEWORK_SEARCH_PATHS = (
					"$(SDKROOT)/Developer/Library/Frameworks",
					"$(inherited)",
				);
				GCC_PREPROCESSOR_DEFINITIONS = (
					"DEBUG=1",
					"$(inherited)",
				);
				INFOPLIST_FILE = StripeTestObjCTests/Info.plist;
				LD_RUNPATH_SEARCH_PATHS = "$(inherited) @executable_path/Frameworks @loader_path/Frameworks";
				PRODUCT_NAME = "$(TARGET_NAME)";
				TEST_HOST = "$(BUILT_PRODUCTS_DIR)/StripeTestObjC.app/StripeTestObjC";
			};
			name = Debug;
		};
		E782749A1A1068C7002BDF58 /* Release */ = {
			isa = XCBuildConfiguration;
			buildSettings = {
				BUNDLE_LOADER = "$(TEST_HOST)";
				FRAMEWORK_SEARCH_PATHS = (
					"$(SDKROOT)/Developer/Library/Frameworks",
					"$(inherited)",
				);
				INFOPLIST_FILE = StripeTestObjCTests/Info.plist;
				LD_RUNPATH_SEARCH_PATHS = "$(inherited) @executable_path/Frameworks @loader_path/Frameworks";
				PRODUCT_NAME = "$(TARGET_NAME)";
				TEST_HOST = "$(BUILT_PRODUCTS_DIR)/StripeTestObjC.app/StripeTestObjC";
			};
			name = Release;
		};
/* End XCBuildConfiguration section */

/* Begin XCConfigurationList section */
		E782746D1A1068C7002BDF58 /* Build configuration list for PBXProject "StripeTestObjC" */ = {
			isa = XCConfigurationList;
			buildConfigurations = (
				E78274931A1068C7002BDF58 /* Debug */,
				E78274941A1068C7002BDF58 /* Release */,
			);
			defaultConfigurationIsVisible = 0;
			defaultConfigurationName = Release;
		};
		E78274951A1068C7002BDF58 /* Build configuration list for PBXNativeTarget "StripeTestObjC" */ = {
			isa = XCConfigurationList;
			buildConfigurations = (
				E78274961A1068C7002BDF58 /* Debug */,
				E78274971A1068C7002BDF58 /* Release */,
			);
			defaultConfigurationIsVisible = 0;
			defaultConfigurationName = Release;
		};
		E78274981A1068C7002BDF58 /* Build configuration list for PBXNativeTarget "StripeTestObjCTests" */ = {
			isa = XCConfigurationList;
			buildConfigurations = (
				E78274991A1068C7002BDF58 /* Debug */,
				E782749A1A1068C7002BDF58 /* Release */,
			);
			defaultConfigurationIsVisible = 0;
			defaultConfigurationName = Release;
		};
/* End XCConfigurationList section */
	};
	rootObject = E782746A1A1068C7002BDF58 /* Project object */;
}
